github.com/k0kubun/go-ansi v0.0.0-20180517002512-3bf9e2903213 h1:qGQQKEcAR99REcMpsXCp3lJ03zYT1PkRd3kQGPn9GVg=
github.com/k0kubun/go-ansi v0.0.0-20180517002512-3bf9e2903213/go.mod h1:vNUNkEQ1e29fT/6vq2aBdFsgNPmy8qMdSay1npru+Sw=
github.com/mattn/go-isatty v0.0.12 h1:wuysRhFDzyxgEmMf5xjvJ2M9dZoWAXNNr5LSBS7uHXY=
github.com/mattn/go-isatty v0.0.12/go.mod h1:cbi8OIDigv2wuxKPP5vlRcQ1OAZbq2CE4Kysco4FUpU=
golang.org/x/sys v0.0.0-20200116001909-b77594299b42 h1:vEOn+mP2zCOVzKckCZy6YsCtDblrpj/w7B9nxGNELpg=
golang.org/x/sys v0.0.0-20200116001909-b77594299b42/go.mod h1:h1NjWce9XRLGQEsW7wpKNCjG9DtNlClVuFLEZdDNbEs=
